// !$*UTF8*$!
{
	archiveVersion = 1;
	classes = {
	};
	objectVersion = 56;
	objects = {

/* Begin PBXBuildFile section */
		CD5D50692C3F03C400C1A2B4 /* bookloveApp.swift in Sources */ = {isa = PBXBuildFile; fileRef = CD5D50682C3F03C400C1A2B4 /* bookloveApp.swift */; };
		CD5D506B2C3F03C400C1A2B4 /* ContentView.swift in Sources */ = {isa = PBXBuildFile; fileRef = CD5D506A2C3F03C400C1A2B4 /* ContentView.swift */; };
		CD5D506D2C3F03C800C1A2B4 /* Assets.xcassets in Resources */ = {isa = PBXBuildFile; fileRef = CD5D506C2C3F03C800C1A2B4 /* Assets.xcassets */; };
		CD5D50702C3F03C800C1A2B4 /* Preview Assets.xcassets in Resources */ = {isa = PBXBuildFile; fileRef = CD5D506F2C3F03C800C1A2B4 /* Preview Assets.xcassets */; };
		CD5D507A2C3F03C900C1A2B4 /* bookloveTests.swift in Sources */ = {isa = PBXBuildFile; fileRef = CD5D50792C3F03C900C1A2B4 /* bookloveTests.swift */; };
		CD5D50842C3F03C900C1A2B4 /* bookloveUITests.swift in Sources */ = {isa = PBXBuildFile; fileRef = CD5D50832C3F03C900C1A2B4 /* bookloveUITests.swift */; };
		CD5D50862C3F03C900C1A2B4 /* bookloveUITestsLaunchTests.swift in Sources */ = {isa = PBXBuildFile; fileRef = CD5D50852C3F03C900C1A2B4 /* bookloveUITestsLaunchTests.swift */; };
		CD5D50952C3F24EB00C1A2B4 /* Launch Screen.storyboard in Resources */ = {isa = PBXBuildFile; fileRef = CD5D50942C3F24EB00C1A2B4 /* Launch Screen.storyboard */; };
		CD5D50972C3F25B000C1A2B4 /* Welcome.swift in Sources */ = {isa = PBXBuildFile; fileRef = CD5D50962C3F25B000C1A2B4 /* Welcome.swift */; };
		CD648BEC2C41710800A3F7E6 /* Genres.swift in Sources */ = {isa = PBXBuildFile; fileRef = CD648BEB2C41710800A3F7E6 /* Genres.swift */; };
		CD648BF02C41A17600A3F7E6 /* Book.swift in Sources */ = {isa = PBXBuildFile; fileRef = CD648BEF2C41A17600A3F7E6 /* Book.swift */; };
		CD648BF22C43F40400A3F7E6 /* Search.swift in Sources */ = {isa = PBXBuildFile; fileRef = CD648BF12C43F40300A3F7E6 /* Search.swift */; };
		CD648BF42C440DCD00A3F7E6 /* Setup.swift in Sources */ = {isa = PBXBuildFile; fileRef = CD648BF32C440DCD00A3F7E6 /* Setup.swift */; };
		CD648BF62C4414B400A3F7E6 /* AppState.swift in Sources */ = {isa = PBXBuildFile; fileRef = CD648BF52C4414B400A3F7E6 /* AppState.swift */; };
		CD648BF82C4414E200A3F7E6 /* MainAppView.swift in Sources */ = {isa = PBXBuildFile; fileRef = CD648BF72C4414E200A3F7E6 /* MainAppView.swift */; };
		CD648BFA2C4421E800A3F7E6 /* User.swift in Sources */ = {isa = PBXBuildFile; fileRef = CD648BF92C4421E800A3F7E6 /* User.swift */; };
		CDAB2A1E2C47D8C000F91D23 /* secure_storage_util.swift in Sources */ = {isa = PBXBuildFile; fileRef = CDAB2A1D2C47D8C000F91D23 /* secure_storage_util.swift */; };
		CDAB2A212C47EB2B00F91D23 /* NetworkManager.swift in Sources */ = {isa = PBXBuildFile; fileRef = CDAB2A202C47EB2B00F91D23 /* NetworkManager.swift */; };
		CDAB2A592C48276A00F91D23 /* Profile.swift in Sources */ = {isa = PBXBuildFile; fileRef = CDAB2A582C48276A00F91D23 /* Profile.swift */; };
		CDB501212C3F9162002DC85C /* Feed.swift in Sources */ = {isa = PBXBuildFile; fileRef = CDB501202C3F9162002DC85C /* Feed.swift */; };
		CDB501232C3FAA0D002DC85C /* GeneralView.swift in Sources */ = {isa = PBXBuildFile; fileRef = CDB501222C3FAA0D002DC85C /* GeneralView.swift */; };
		CDB501252C3FAAC9002DC85C /* Quotes.swift in Sources */ = {isa = PBXBuildFile; fileRef = CDB501242C3FAAC9002DC85C /* Quotes.swift */; };
		CDB501292C3FAC9E002DC85C /* List.swift in Sources */ = {isa = PBXBuildFile; fileRef = CDB501282C3FAC9E002DC85C /* List.swift */; };
		CDE4B8462C413B4D004C3282 /* BackgroundBlur.swift in Sources */ = {isa = PBXBuildFile; fileRef = CDE4B8452C413B4D004C3282 /* BackgroundBlur.swift */; };
		CDE4B8482C413F52004C3282 /* Settings.swift in Sources */ = {isa = PBXBuildFile; fileRef = CDE4B8472C413F52004C3282 /* Settings.swift */; };
/* End PBXBuildFile section */

/* Begin PBXContainerItemProxy section */
		CD5D50762C3F03C900C1A2B4 /* PBXContainerItemProxy */ = {
			isa = PBXContainerItemProxy;
			containerPortal = CD5D505D2C3F03C400C1A2B4 /* Project object */;
			proxyType = 1;
			remoteGlobalIDString = CD5D50642C3F03C400C1A2B4;
			remoteInfo = booklove;
		};
		CD5D50802C3F03C900C1A2B4 /* PBXContainerItemProxy */ = {
			isa = PBXContainerItemProxy;
			containerPortal = CD5D505D2C3F03C400C1A2B4 /* Project object */;
			proxyType = 1;
			remoteGlobalIDString = CD5D50642C3F03C400C1A2B4;
			remoteInfo = booklove;
		};
/* End PBXContainerItemProxy section */

/* Begin PBXFileReference section */
		CD5D50652C3F03C400C1A2B4 /* booklove.app */ = {isa = PBXFileReference; explicitFileType = wrapper.application; includeInIndex = 0; path = booklove.app; sourceTree = BUILT_PRODUCTS_DIR; };
		CD5D50682C3F03C400C1A2B4 /* bookloveApp.swift */ = {isa = PBXFileReference; lastKnownFileType = sourcecode.swift; path = bookloveApp.swift; sourceTree = "<group>"; };
		CD5D506A2C3F03C400C1A2B4 /* ContentView.swift */ = {isa = PBXFileReference; lastKnownFileType = sourcecode.swift; path = ContentView.swift; sourceTree = "<group>"; };
		CD5D506C2C3F03C800C1A2B4 /* Assets.xcassets */ = {isa = PBXFileReference; lastKnownFileType = folder.assetcatalog; path = Assets.xcassets; sourceTree = "<group>"; };
		CD5D506F2C3F03C800C1A2B4 /* Preview Assets.xcassets */ = {isa = PBXFileReference; lastKnownFileType = folder.assetcatalog; path = "Preview Assets.xcassets"; sourceTree = "<group>"; };
		CD5D50752C3F03C900C1A2B4 /* bookloveTests.xctest */ = {isa = PBXFileReference; explicitFileType = wrapper.cfbundle; includeInIndex = 0; path = bookloveTests.xctest; sourceTree = BUILT_PRODUCTS_DIR; };
		CD5D50792C3F03C900C1A2B4 /* bookloveTests.swift */ = {isa = PBXFileReference; lastKnownFileType = sourcecode.swift; path = bookloveTests.swift; sourceTree = "<group>"; };
		CD5D507F2C3F03C900C1A2B4 /* bookloveUITests.xctest */ = {isa = PBXFileReference; explicitFileType = wrapper.cfbundle; includeInIndex = 0; path = bookloveUITests.xctest; sourceTree = BUILT_PRODUCTS_DIR; };
		CD5D50832C3F03C900C1A2B4 /* bookloveUITests.swift */ = {isa = PBXFileReference; lastKnownFileType = sourcecode.swift; path = bookloveUITests.swift; sourceTree = "<group>"; };
		CD5D50852C3F03C900C1A2B4 /* bookloveUITestsLaunchTests.swift */ = {isa = PBXFileReference; lastKnownFileType = sourcecode.swift; path = bookloveUITestsLaunchTests.swift; sourceTree = "<group>"; };
		CD5D50942C3F24EB00C1A2B4 /* Launch Screen.storyboard */ = {isa = PBXFileReference; lastKnownFileType = file.storyboard; path = "Launch Screen.storyboard"; sourceTree = "<group>"; };
		CD5D50962C3F25B000C1A2B4 /* Welcome.swift */ = {isa = PBXFileReference; lastKnownFileType = sourcecode.swift; path = Welcome.swift; sourceTree = "<group>"; };
		CD648BEB2C41710800A3F7E6 /* Genres.swift */ = {isa = PBXFileReference; lastKnownFileType = sourcecode.swift; path = Genres.swift; sourceTree = "<group>"; };
		CD648BEF2C41A17600A3F7E6 /* Book.swift */ = {isa = PBXFileReference; lastKnownFileType = sourcecode.swift; path = Book.swift; sourceTree = "<group>"; };
		CD648BF12C43F40300A3F7E6 /* Search.swift */ = {isa = PBXFileReference; lastKnownFileType = sourcecode.swift; path = Search.swift; sourceTree = "<group>"; };
		CD648BF32C440DCD00A3F7E6 /* Setup.swift */ = {isa = PBXFileReference; lastKnownFileType = sourcecode.swift; path = Setup.swift; sourceTree = "<group>"; };
		CD648BF52C4414B400A3F7E6 /* AppState.swift */ = {isa = PBXFileReference; lastKnownFileType = sourcecode.swift; path = AppState.swift; sourceTree = "<group>"; };
		CD648BF72C4414E200A3F7E6 /* MainAppView.swift */ = {isa = PBXFileReference; lastKnownFileType = sourcecode.swift; path = MainAppView.swift; sourceTree = "<group>"; };
		CD648BF92C4421E800A3F7E6 /* User.swift */ = {isa = PBXFileReference; lastKnownFileType = sourcecode.swift; path = User.swift; sourceTree = "<group>"; };
		CD6C6B602C44487C00175F98 /* Info.plist */ = {isa = PBXFileReference; lastKnownFileType = text.plist; path = Info.plist; sourceTree = "<group>"; };
		CDAB2A1D2C47D8C000F91D23 /* secure_storage_util.swift */ = {isa = PBXFileReference; lastKnownFileType = sourcecode.swift; path = secure_storage_util.swift; sourceTree = "<group>"; };
		CDAB2A1F2C47E16B00F91D23 /* booklove.entitlements */ = {isa = PBXFileReference; lastKnownFileType = text.plist.entitlements; path = booklove.entitlements; sourceTree = "<group>"; };
		CDAB2A202C47EB2B00F91D23 /* NetworkManager.swift */ = {isa = PBXFileReference; lastKnownFileType = sourcecode.swift; path = NetworkManager.swift; sourceTree = "<group>"; };
		CDAB2A582C48276A00F91D23 /* Profile.swift */ = {isa = PBXFileReference; lastKnownFileType = sourcecode.swift; path = Profile.swift; sourceTree = "<group>"; };
		CDB501202C3F9162002DC85C /* Feed.swift */ = {isa = PBXFileReference; lastKnownFileType = sourcecode.swift; path = Feed.swift; sourceTree = "<group>"; };
		CDB501222C3FAA0D002DC85C /* GeneralView.swift */ = {isa = PBXFileReference; lastKnownFileType = sourcecode.swift; path = GeneralView.swift; sourceTree = "<group>"; };
		CDB501242C3FAAC9002DC85C /* Quotes.swift */ = {isa = PBXFileReference; lastKnownFileType = sourcecode.swift; path = Quotes.swift; sourceTree = "<group>"; };
		CDB501282C3FAC9E002DC85C /* List.swift */ = {isa = PBXFileReference; lastKnownFileType = sourcecode.swift; path = List.swift; sourceTree = "<group>"; };
		CDE4B8452C413B4D004C3282 /* BackgroundBlur.swift */ = {isa = PBXFileReference; lastKnownFileType = sourcecode.swift; path = BackgroundBlur.swift; sourceTree = "<group>"; };
		CDE4B8472C413F52004C3282 /* Settings.swift */ = {isa = PBXFileReference; lastKnownFileType = sourcecode.swift; path = Settings.swift; sourceTree = "<group>"; };
/* End PBXFileReference section */

/* Begin PBXFrameworksBuildPhase section */
		CD5D50622C3F03C400C1A2B4 /* Frameworks */ = {
			isa = PBXFrameworksBuildPhase;
			buildActionMask = 2147483647;
			files = (
			);
			runOnlyForDeploymentPostprocessing = 0;
		};
		CD5D50722C3F03C900C1A2B4 /* Frameworks */ = {
			isa = PBXFrameworksBuildPhase;
			buildActionMask = 2147483647;
			files = (
			);
			runOnlyForDeploymentPostprocessing = 0;
		};
		CD5D507C2C3F03C900C1A2B4 /* Frameworks */ = {
			isa = PBXFrameworksBuildPhase;
			buildActionMask = 2147483647;
			files = (
			);
			runOnlyForDeploymentPostprocessing = 0;
		};
/* End PBXFrameworksBuildPhase section */

/* Begin PBXGroup section */
		CD5D505C2C3F03C400C1A2B4 = {
			isa = PBXGroup;
			children = (
				CD5D50672C3F03C400C1A2B4 /* booklove */,
				CD5D50782C3F03C900C1A2B4 /* bookloveTests */,
				CD5D50822C3F03C900C1A2B4 /* bookloveUITests */,
				CD5D50662C3F03C400C1A2B4 /* Products */,
			);
			sourceTree = "<group>";
		};
		CD5D50662C3F03C400C1A2B4 /* Products */ = {
			isa = PBXGroup;
			children = (
				CD5D50652C3F03C400C1A2B4 /* booklove.app */,
				CD5D50752C3F03C900C1A2B4 /* bookloveTests.xctest */,
				CD5D507F2C3F03C900C1A2B4 /* bookloveUITests.xctest */,
			);
			name = Products;
			sourceTree = "<group>";
		};
		CD5D50672C3F03C400C1A2B4 /* booklove */ = {
			isa = PBXGroup;
			children = (
				CDAB2A202C47EB2B00F91D23 /* NetworkManager.swift */,
				CDAB2A1F2C47E16B00F91D23 /* booklove.entitlements */,
				CD6C6B602C44487C00175F98 /* Info.plist */,
				CD648BEB2C41710800A3F7E6 /* Genres.swift */,
				CDB501222C3FAA0D002DC85C /* GeneralView.swift */,
				CD5D50682C3F03C400C1A2B4 /* bookloveApp.swift */,
				CD5D506A2C3F03C400C1A2B4 /* ContentView.swift */,
				CD5D506C2C3F03C800C1A2B4 /* Assets.xcassets */,
				CD5D506E2C3F03C800C1A2B4 /* Preview Content */,
				CD5D50942C3F24EB00C1A2B4 /* Launch Screen.storyboard */,
				CD5D50962C3F25B000C1A2B4 /* Welcome.swift */,
				CDB501202C3F9162002DC85C /* Feed.swift */,
				CD648BF12C43F40300A3F7E6 /* Search.swift */,
				CDE4B8452C413B4D004C3282 /* BackgroundBlur.swift */,
				CDB501242C3FAAC9002DC85C /* Quotes.swift */,
				CD648BEF2C41A17600A3F7E6 /* Book.swift */,
				CD648BF32C440DCD00A3F7E6 /* Setup.swift */,
				CD648BF52C4414B400A3F7E6 /* AppState.swift */,
				CD648BF92C4421E800A3F7E6 /* User.swift */,
				CDAB2A582C48276A00F91D23 /* Profile.swift */,
				CD648BF72C4414E200A3F7E6 /* MainAppView.swift */,
				CDAB2A1D2C47D8C000F91D23 /* secure_storage_util.swift */,
				CDB501282C3FAC9E002DC85C /* List.swift */,
				CDE4B8472C413F52004C3282 /* Settings.swift */,
			);
			path = booklove;
			sourceTree = "<group>";
		};
		CD5D506E2C3F03C800C1A2B4 /* Preview Content */ = {
			isa = PBXGroup;
			children = (
				CD5D506F2C3F03C800C1A2B4 /* Preview Assets.xcassets */,
			);
			path = "Preview Content";
			sourceTree = "<group>";
		};
		CD5D50782C3F03C900C1A2B4 /* bookloveTests */ = {
			isa = PBXGroup;
			children = (
				CD5D50792C3F03C900C1A2B4 /* bookloveTests.swift */,
			);
			path = bookloveTests;
			sourceTree = "<group>";
		};
		CD5D50822C3F03C900C1A2B4 /* bookloveUITests */ = {
			isa = PBXGroup;
			children = (
				CD5D50832C3F03C900C1A2B4 /* bookloveUITests.swift */,
				CD5D50852C3F03C900C1A2B4 /* bookloveUITestsLaunchTests.swift */,
			);
			path = bookloveUITests;
			sourceTree = "<group>";
		};
/* End PBXGroup section */

/* Begin PBXNativeTarget section */
		CD5D50642C3F03C400C1A2B4 /* booklove */ = {
			isa = PBXNativeTarget;
			buildConfigurationList = CD5D50892C3F03C900C1A2B4 /* Build configuration list for PBXNativeTarget "booklove" */;
			buildPhases = (
				CD5D50612C3F03C400C1A2B4 /* Sources */,
				CD5D50622C3F03C400C1A2B4 /* Frameworks */,
				CD5D50632C3F03C400C1A2B4 /* Resources */,
			);
			buildRules = (
			);
			dependencies = (
			);
			name = booklove;
			productName = booklove;
			productReference = CD5D50652C3F03C400C1A2B4 /* booklove.app */;
			productType = "com.apple.product-type.application";
		};
		CD5D50742C3F03C900C1A2B4 /* bookloveTests */ = {
			isa = PBXNativeTarget;
			buildConfigurationList = CD5D508C2C3F03C900C1A2B4 /* Build configuration list for PBXNativeTarget "bookloveTests" */;
			buildPhases = (
				CD5D50712C3F03C900C1A2B4 /* Sources */,
				CD5D50722C3F03C900C1A2B4 /* Frameworks */,
				CD5D50732C3F03C900C1A2B4 /* Resources */,
			);
			buildRules = (
			);
			dependencies = (
				CD5D50772C3F03C900C1A2B4 /* PBXTargetDependency */,
			);
			name = bookloveTests;
			productName = bookloveTests;
			productReference = CD5D50752C3F03C900C1A2B4 /* bookloveTests.xctest */;
			productType = "com.apple.product-type.bundle.unit-test";
		};
		CD5D507E2C3F03C900C1A2B4 /* bookloveUITests */ = {
			isa = PBXNativeTarget;
			buildConfigurationList = CD5D508F2C3F03C900C1A2B4 /* Build configuration list for PBXNativeTarget "bookloveUITests" */;
			buildPhases = (
				CD5D507B2C3F03C900C1A2B4 /* Sources */,
				CD5D507C2C3F03C900C1A2B4 /* Frameworks */,
				CD5D507D2C3F03C900C1A2B4 /* Resources */,
			);
			buildRules = (
			);
			dependencies = (
				CD5D50812C3F03C900C1A2B4 /* PBXTargetDependency */,
			);
			name = bookloveUITests;
			productName = bookloveUITests;
			productReference = CD5D507F2C3F03C900C1A2B4 /* bookloveUITests.xctest */;
			productType = "com.apple.product-type.bundle.ui-testing";
		};
/* End PBXNativeTarget section */

/* Begin PBXProject section */
		CD5D505D2C3F03C400C1A2B4 /* Project object */ = {
			isa = PBXProject;
			attributes = {
				BuildIndependentTargetsInParallel = 1;
				LastSwiftUpdateCheck = 1540;
				LastUpgradeCheck = 1540;
				TargetAttributes = {
					CD5D50642C3F03C400C1A2B4 = {
						CreatedOnToolsVersion = 15.4;
					};
					CD5D50742C3F03C900C1A2B4 = {
						CreatedOnToolsVersion = 15.4;
						TestTargetID = CD5D50642C3F03C400C1A2B4;
					};
					CD5D507E2C3F03C900C1A2B4 = {
						CreatedOnToolsVersion = 15.4;
						TestTargetID = CD5D50642C3F03C400C1A2B4;
					};
				};
			};
			buildConfigurationList = CD5D50602C3F03C400C1A2B4 /* Build configuration list for PBXProject "booklove" */;
			compatibilityVersion = "Xcode 14.0";
			developmentRegion = en;
			hasScannedForEncodings = 0;
			knownRegions = (
				en,
				Base,
			);
			mainGroup = CD5D505C2C3F03C400C1A2B4;
			productRefGroup = CD5D50662C3F03C400C1A2B4 /* Products */;
			projectDirPath = "";
			projectRoot = "";
			targets = (
				CD5D50642C3F03C400C1A2B4 /* booklove */,
				CD5D50742C3F03C900C1A2B4 /* bookloveTests */,
				CD5D507E2C3F03C900C1A2B4 /* bookloveUITests */,
			);
		};
/* End PBXProject section */

/* Begin PBXResourcesBuildPhase section */
		CD5D50632C3F03C400C1A2B4 /* Resources */ = {
			isa = PBXResourcesBuildPhase;
			buildActionMask = 2147483647;
			files = (
				CD5D50952C3F24EB00C1A2B4 /* Launch Screen.storyboard in Resources */,
				CD5D50702C3F03C800C1A2B4 /* Preview Assets.xcassets in Resources */,
				CD5D506D2C3F03C800C1A2B4 /* Assets.xcassets in Resources */,
			);
			runOnlyForDeploymentPostprocessing = 0;
		};
		CD5D50732C3F03C900C1A2B4 /* Resources */ = {
			isa = PBXResourcesBuildPhase;
			buildActionMask = 2147483647;
			files = (
			);
			runOnlyForDeploymentPostprocessing = 0;
		};
		CD5D507D2C3F03C900C1A2B4 /* Resources */ = {
			isa = PBXResourcesBuildPhase;
			buildActionMask = 2147483647;
			files = (
			);
			runOnlyForDeploymentPostprocessing = 0;
		};
/* End PBXResourcesBuildPhase section */

/* Begin PBXSourcesBuildPhase section */
		CD5D50612C3F03C400C1A2B4 /* Sources */ = {
			isa = PBXSourcesBuildPhase;
			buildActionMask = 2147483647;
			files = (
				CDAB2A212C47EB2B00F91D23 /* NetworkManager.swift in Sources */,
				CD648BF22C43F40400A3F7E6 /* Search.swift in Sources */,
				CD5D506B2C3F03C400C1A2B4 /* ContentView.swift in Sources */,
				CDE4B8462C413B4D004C3282 /* BackgroundBlur.swift in Sources */,
				CDB501292C3FAC9E002DC85C /* List.swift in Sources */,
				CDAB2A1E2C47D8C000F91D23 /* secure_storage_util.swift in Sources */,
				CD5D50692C3F03C400C1A2B4 /* bookloveApp.swift in Sources */,
				CD648BF42C440DCD00A3F7E6 /* Setup.swift in Sources */,
				CD648BEC2C41710800A3F7E6 /* Genres.swift in Sources */,
				CD648BFA2C4421E800A3F7E6 /* User.swift in Sources */,
				CDE4B8482C413F52004C3282 /* Settings.swift in Sources */,
				CDB501252C3FAAC9002DC85C /* Quotes.swift in Sources */,
				CDB501212C3F9162002DC85C /* Feed.swift in Sources */,
				CD648BF02C41A17600A3F7E6 /* Book.swift in Sources */,
				CDB501232C3FAA0D002DC85C /* GeneralView.swift in Sources */,
				CD648BF82C4414E200A3F7E6 /* MainAppView.swift in Sources */,
				CDAB2A592C48276A00F91D23 /* Profile.swift in Sources */,
				CD5D50972C3F25B000C1A2B4 /* Welcome.swift in Sources */,
				CD648BF62C4414B400A3F7E6 /* AppState.swift in Sources */,
			);
			runOnlyForDeploymentPostprocessing = 0;
		};
		CD5D50712C3F03C900C1A2B4 /* Sources */ = {
			isa = PBXSourcesBuildPhase;
			buildActionMask = 2147483647;
			files = (
				CD5D507A2C3F03C900C1A2B4 /* bookloveTests.swift in Sources */,
			);
			runOnlyForDeploymentPostprocessing = 0;
		};
		CD5D507B2C3F03C900C1A2B4 /* Sources */ = {
			isa = PBXSourcesBuildPhase;
			buildActionMask = 2147483647;
			files = (
				CD5D50862C3F03C900C1A2B4 /* bookloveUITestsLaunchTests.swift in Sources */,
				CD5D50842C3F03C900C1A2B4 /* bookloveUITests.swift in Sources */,
			);
			runOnlyForDeploymentPostprocessing = 0;
		};
/* End PBXSourcesBuildPhase section */

/* Begin PBXTargetDependency section */
		CD5D50772C3F03C900C1A2B4 /* PBXTargetDependency */ = {
			isa = PBXTargetDependency;
			target = CD5D50642C3F03C400C1A2B4 /* booklove */;
			targetProxy = CD5D50762C3F03C900C1A2B4 /* PBXContainerItemProxy */;
		};
		CD5D50812C3F03C900C1A2B4 /* PBXTargetDependency */ = {
			isa = PBXTargetDependency;
			target = CD5D50642C3F03C400C1A2B4 /* booklove */;
			targetProxy = CD5D50802C3F03C900C1A2B4 /* PBXContainerItemProxy */;
		};
/* End PBXTargetDependency section */

/* Begin XCBuildConfiguration section */
		CD5D50872C3F03C900C1A2B4 /* Debug */ = {
			isa = XCBuildConfiguration;
			buildSettings = {
				ALWAYS_SEARCH_USER_PATHS = NO;
				ASSETCATALOG_COMPILER_GENERATE_SWIFT_ASSET_SYMBOL_EXTENSIONS = YES;
				CLANG_ANALYZER_NONNULL = YES;
				CLANG_ANALYZER_NUMBER_OBJECT_CONVERSION = YES_AGGRESSIVE;
				CLANG_CXX_LANGUAGE_STANDARD = "gnu++20";
				CLANG_ENABLE_MODULES = YES;
				CLANG_ENABLE_OBJC_ARC = YES;
				CLANG_ENABLE_OBJC_WEAK = YES;
				CLANG_WARN_BLOCK_CAPTURE_AUTORELEASING = YES;
				CLANG_WARN_BOOL_CONVERSION = YES;
				CLANG_WARN_COMMA = YES;
				CLANG_WARN_CONSTANT_CONVERSION = YES;
				CLANG_WARN_DEPRECATED_OBJC_IMPLEMENTATIONS = YES;
				CLANG_WARN_DIRECT_OBJC_ISA_USAGE = YES_ERROR;
				CLANG_WARN_DOCUMENTATION_COMMENTS = YES;
				CLANG_WARN_EMPTY_BODY = YES;
				CLANG_WARN_ENUM_CONVERSION = YES;
				CLANG_WARN_INFINITE_RECURSION = YES;
				CLANG_WARN_INT_CONVERSION = YES;
				CLANG_WARN_NON_LITERAL_NULL_CONVERSION = YES;
				CLANG_WARN_OBJC_IMPLICIT_RETAIN_SELF = YES;
				CLANG_WARN_OBJC_LITERAL_CONVERSION = YES;
				CLANG_WARN_OBJC_ROOT_CLASS = YES_ERROR;
				CLANG_WARN_QUOTED_INCLUDE_IN_FRAMEWORK_HEADER = YES;
				CLANG_WARN_RANGE_LOOP_ANALYSIS = YES;
				CLANG_WARN_STRICT_PROTOTYPES = YES;
				CLANG_WARN_SUSPICIOUS_MOVE = YES;
				CLANG_WARN_UNGUARDED_AVAILABILITY = YES_AGGRESSIVE;
				CLANG_WARN_UNREACHABLE_CODE = YES;
				CLANG_WARN__DUPLICATE_METHOD_MATCH = YES;
				COPY_PHASE_STRIP = NO;
				DEBUG_INFORMATION_FORMAT = dwarf;
				ENABLE_STRICT_OBJC_MSGSEND = YES;
				ENABLE_TESTABILITY = YES;
				ENABLE_USER_SCRIPT_SANDBOXING = YES;
				GCC_C_LANGUAGE_STANDARD = gnu17;
				GCC_DYNAMIC_NO_PIC = NO;
				GCC_NO_COMMON_BLOCKS = YES;
				GCC_OPTIMIZATION_LEVEL = 0;
				GCC_PREPROCESSOR_DEFINITIONS = (
					"DEBUG=1",
					"$(inherited)",
				);
				GCC_WARN_64_TO_32_BIT_CONVERSION = YES;
				GCC_WARN_ABOUT_RETURN_TYPE = YES_ERROR;
				GCC_WARN_UNDECLARED_SELECTOR = YES;
				GCC_WARN_UNINITIALIZED_AUTOS = YES_AGGRESSIVE;
				GCC_WARN_UNUSED_FUNCTION = YES;
				GCC_WARN_UNUSED_VARIABLE = YES;
				IPHONEOS_DEPLOYMENT_TARGET = 17.5;
				LOCALIZATION_PREFERS_STRING_CATALOGS = YES;
				MTL_ENABLE_DEBUG_INFO = INCLUDE_SOURCE;
				MTL_FAST_MATH = YES;
				ONLY_ACTIVE_ARCH = YES;
				SDKROOT = iphoneos;
				SWIFT_ACTIVE_COMPILATION_CONDITIONS = "DEBUG $(inherited)";
				SWIFT_OPTIMIZATION_LEVEL = "-Onone";
			};
			name = Debug;
		};
		CD5D50882C3F03C900C1A2B4 /* Release */ = {
			isa = XCBuildConfiguration;
			buildSettings = {
				ALWAYS_SEARCH_USER_PATHS = NO;
				ASSETCATALOG_COMPILER_GENERATE_SWIFT_ASSET_SYMBOL_EXTENSIONS = YES;
				CLANG_ANALYZER_NONNULL = YES;
				CLANG_ANALYZER_NUMBER_OBJECT_CONVERSION = YES_AGGRESSIVE;
				CLANG_CXX_LANGUAGE_STANDARD = "gnu++20";
				CLANG_ENABLE_MODULES = YES;
				CLANG_ENABLE_OBJC_ARC = YES;
				CLANG_ENABLE_OBJC_WEAK = YES;
				CLANG_WARN_BLOCK_CAPTURE_AUTORELEASING = YES;
				CLANG_WARN_BOOL_CONVERSION = YES;
				CLANG_WARN_COMMA = YES;
				CLANG_WARN_CONSTANT_CONVERSION = YES;
				CLANG_WARN_DEPRECATED_OBJC_IMPLEMENTATIONS = YES;
				CLANG_WARN_DIRECT_OBJC_ISA_USAGE = YES_ERROR;
				CLANG_WARN_DOCUMENTATION_COMMENTS = YES;
				CLANG_WARN_EMPTY_BODY = YES;
				CLANG_WARN_ENUM_CONVERSION = YES;
				CLANG_WARN_INFINITE_RECURSION = YES;
				CLANG_WARN_INT_CONVERSION = YES;
				CLANG_WARN_NON_LITERAL_NULL_CONVERSION = YES;
				CLANG_WARN_OBJC_IMPLICIT_RETAIN_SELF = YES;
				CLANG_WARN_OBJC_LITERAL_CONVERSION = YES;
				CLANG_WARN_OBJC_ROOT_CLASS = YES_ERROR;
				CLANG_WARN_QUOTED_INCLUDE_IN_FRAMEWORK_HEADER = YES;
				CLANG_WARN_RANGE_LOOP_ANALYSIS = YES;
				CLANG_WARN_STRICT_PROTOTYPES = YES;
				CLANG_WARN_SUSPICIOUS_MOVE = YES;
				CLANG_WARN_UNGUARDED_AVAILABILITY = YES_AGGRESSIVE;
				CLANG_WARN_UNREACHABLE_CODE = YES;
				CLANG_WARN__DUPLICATE_METHOD_MATCH = YES;
				COPY_PHASE_STRIP = NO;
				DEBUG_INFORMATION_FORMAT = "dwarf-with-dsym";
				ENABLE_NS_ASSERTIONS = NO;
				ENABLE_STRICT_OBJC_MSGSEND = YES;
				ENABLE_USER_SCRIPT_SANDBOXING = YES;
				GCC_C_LANGUAGE_STANDARD = gnu17;
				GCC_NO_COMMON_BLOCKS = YES;
				GCC_WARN_64_TO_32_BIT_CONVERSION = YES;
				GCC_WARN_ABOUT_RETURN_TYPE = YES_ERROR;
				GCC_WARN_UNDECLARED_SELECTOR = YES;
				GCC_WARN_UNINITIALIZED_AUTOS = YES_AGGRESSIVE;
				GCC_WARN_UNUSED_FUNCTION = YES;
				GCC_WARN_UNUSED_VARIABLE = YES;
				IPHONEOS_DEPLOYMENT_TARGET = 17.5;
				LOCALIZATION_PREFERS_STRING_CATALOGS = YES;
				MTL_ENABLE_DEBUG_INFO = NO;
				MTL_FAST_MATH = YES;
				SDKROOT = iphoneos;
				SWIFT_COMPILATION_MODE = wholemodule;
				VALIDATE_PRODUCT = YES;
			};
			name = Release;
		};
		CD5D508A2C3F03C900C1A2B4 /* Debug */ = {
			isa = XCBuildConfiguration;
			buildSettings = {
				ASSETCATALOG_COMPILER_APPICON_NAME = AppIcon;
				ASSETCATALOG_COMPILER_GLOBAL_ACCENT_COLOR_NAME = AccentColor;
				CODE_SIGN_ENTITLEMENTS = booklove/booklove.entitlements;
				CODE_SIGN_IDENTITY = "Apple Development";
				CODE_SIGN_STYLE = Automatic;
				CURRENT_PROJECT_VERSION = 1;
				DEVELOPMENT_ASSET_PATHS = "\"booklove/Preview Content\"";
				DEVELOPMENT_TEAM = P6PV2R9443;
				ENABLE_PREVIEWS = YES;
				GENERATE_INFOPLIST_FILE = YES;
				INFOPLIST_FILE = booklove/Info.plist;
				INFOPLIST_KEY_CFBundleDisplayName = booklove.;
				INFOPLIST_KEY_LSApplicationCategoryType = "public.app-category.books";
				INFOPLIST_KEY_UIApplicationSceneManifest_Generation = YES;
				INFOPLIST_KEY_UIApplicationSupportsIndirectInputEvents = YES;
				INFOPLIST_KEY_UILaunchScreen_Generation = YES;
				INFOPLIST_KEY_UILaunchStoryboardName = "Launch Screen.storyboard";
				INFOPLIST_KEY_UISupportedInterfaceOrientations = UIInterfaceOrientationPortrait;
				LD_RUNPATH_SEARCH_PATHS = (
					"$(inherited)",
					"@executable_path/Frameworks",
				);
				MARKETING_VERSION = 1.0;
				PRODUCT_BUNDLE_IDENTIFIER = me.mopamo.booklove;
				PRODUCT_NAME = "$(TARGET_NAME)";
				PROVISIONING_PROFILE_SPECIFIER = "";
				SWIFT_EMIT_LOC_STRINGS = YES;
				SWIFT_VERSION = 5.0;
				TARGETED_DEVICE_FAMILY = "1,2";
			};
			name = Debug;
		};
		CD5D508B2C3F03C900C1A2B4 /* Release */ = {
			isa = XCBuildConfiguration;
			buildSettings = {
				ASSETCATALOG_COMPILER_APPICON_NAME = AppIcon;
				ASSETCATALOG_COMPILER_GLOBAL_ACCENT_COLOR_NAME = AccentColor;
				CODE_SIGN_ENTITLEMENTS = booklove/booklove.entitlements;
				CODE_SIGN_IDENTITY = "Apple Development";
				CODE_SIGN_STYLE = Automatic;
				CURRENT_PROJECT_VERSION = 1;
				DEVELOPMENT_ASSET_PATHS = "\"booklove/Preview Content\"";
				DEVELOPMENT_TEAM = P6PV2R9443;
				ENABLE_PREVIEWS = YES;
				GENERATE_INFOPLIST_FILE = YES;
				INFOPLIST_FILE = booklove/Info.plist;
				INFOPLIST_KEY_CFBundleDisplayName = booklove.;
				INFOPLIST_KEY_LSApplicationCategoryType = "public.app-category.books";
				INFOPLIST_KEY_UIApplicationSceneManifest_Generation = YES;
				INFOPLIST_KEY_UIApplicationSupportsIndirectInputEvents = YES;
				INFOPLIST_KEY_UILaunchScreen_Generation = YES;
				INFOPLIST_KEY_UILaunchStoryboardName = "Launch Screen.storyboard";
				INFOPLIST_KEY_UISupportedInterfaceOrientations = UIInterfaceOrientationPortrait;
				LD_RUNPATH_SEARCH_PATHS = (
					"$(inherited)",
					"@executable_path/Frameworks",
				);
				MARKETING_VERSION = 1.0;
				PRODUCT_BUNDLE_IDENTIFIER = me.mopamo.booklove;
				PRODUCT_NAME = "$(TARGET_NAME)";
				PROVISIONING_PROFILE_SPECIFIER = "";
				SWIFT_EMIT_LOC_STRINGS = YES;
				SWIFT_VERSION = 5.0;
				TARGETED_DEVICE_FAMILY = "1,2";
			};
			name = Release;
		};
		CD5D508D2C3F03C900C1A2B4 /* Debug */ = {
			isa = XCBuildConfiguration;
			buildSettings = {
				ALWAYS_EMBED_SWIFT_STANDARD_LIBRARIES = YES;
				BUNDLE_LOADER = "$(TEST_HOST)";
				CODE_SIGN_STYLE = Automatic;
				CURRENT_PROJECT_VERSION = 1;
				DEVELOPMENT_TEAM = DTNYP4958A;
				GENERATE_INFOPLIST_FILE = YES;
				IPHONEOS_DEPLOYMENT_TARGET = 17.5;
				MARKETING_VERSION = 1.0;
				PRODUCT_BUNDLE_IDENTIFIER = com.mopamo.bookloveTests;
				PRODUCT_NAME = "$(TARGET_NAME)";
				SWIFT_EMIT_LOC_STRINGS = NO;
				SWIFT_VERSION = 5.0;
				TARGETED_DEVICE_FAMILY = "1,2";
				TEST_HOST = "$(BUILT_PRODUCTS_DIR)/booklove.app/$(BUNDLE_EXECUTABLE_FOLDER_PATH)/booklove";
			};
			name = Debug;
		};
		CD5D508E2C3F03C900C1A2B4 /* Release */ = {
			isa = XCBuildConfiguration;
			buildSettings = {
				ALWAYS_EMBED_SWIFT_STANDARD_LIBRARIES = YES;
				BUNDLE_LOADER = "$(TEST_HOST)";
				CODE_SIGN_STYLE = Automatic;
				CURRENT_PROJECT_VERSION = 1;
				DEVELOPMENT_TEAM = DTNYP4958A;
				GENERATE_INFOPLIST_FILE = YES;
				IPHONEOS_DEPLOYMENT_TARGET = 17.5;
				MARKETING_VERSION = 1.0;
				PRODUCT_BUNDLE_IDENTIFIER = com.mopamo.bookloveTests;
				PRODUCT_NAME = "$(TARGET_NAME)";
				SWIFT_EMIT_LOC_STRINGS = NO;
				SWIFT_VERSION = 5.0;
				TARGETED_DEVICE_FAMILY = "1,2";
				TEST_HOST = "$(BUILT_PRODUCTS_DIR)/booklove.app/$(BUNDLE_EXECUTABLE_FOLDER_PATH)/booklove";
			};
			name = Release;
		};
		CD5D50902C3F03C900C1A2B4 /* Debug */ = {
			isa = XCBuildConfiguration;
			buildSettings = {
				ALWAYS_EMBED_SWIFT_STANDARD_LIBRARIES = YES;
				CODE_SIGN_STYLE = Automatic;
				CURRENT_PROJECT_VERSION = 1;
				DEVELOPMENT_TEAM = DTNYP4958A;
				GENERATE_INFOPLIST_FILE = YES;
				MARKETING_VERSION = 1.0;
				PRODUCT_BUNDLE_IDENTIFIER = com.mopamo.bookloveUITests;
				PRODUCT_NAME = "$(TARGET_NAME)";
				SWIFT_EMIT_LOC_STRINGS = NO;
				SWIFT_VERSION = 5.0;
				TARGETED_DEVICE_FAMILY = "1,2";
				TEST_TARGET_NAME = booklove;
			};
			name = Debug;
		};
		CD5D50912C3F03C900C1A2B4 /* Release */ = {
			isa = XCBuildConfiguration;
			buildSettings = {
				ALWAYS_EMBED_SWIFT_STANDARD_LIBRARIES = YES;
				CODE_SIGN_STYLE = Automatic;
				CURRENT_PROJECT_VERSION = 1;
				DEVELOPMENT_TEAM = DTNYP4958A;
				GENERATE_INFOPLIST_FILE = YES;
				MARKETING_VERSION = 1.0;
				PRODUCT_BUNDLE_IDENTIFIER = com.mopamo.bookloveUITests;
				PRODUCT_NAME = "$(TARGET_NAME)";
				SWIFT_EMIT_LOC_STRINGS = NO;
				SWIFT_VERSION = 5.0;
				TARGETED_DEVICE_FAMILY = "1,2";
				TEST_TARGET_NAME = booklove;
			};
			name = Release;
		};
/* End XCBuildConfiguration section */

/* Begin XCConfigurationList section */
		CD5D50602C3F03C400C1A2B4 /* Build configuration list for PBXProject "booklove" */ = {
			isa = XCConfigurationList;
			buildConfigurations = (
				CD5D50872C3F03C900C1A2B4 /* Debug */,
				CD5D50882C3F03C900C1A2B4 /* Release */,
			);
			defaultConfigurationIsVisible = 0;
			defaultConfigurationName = Release;
		};
		CD5D50892C3F03C900C1A2B4 /* Build configuration list for PBXNativeTarget "booklove" */ = {
			isa = XCConfigurationList;
			buildConfigurations = (
				CD5D508A2C3F03C900C1A2B4 /* Debug */,
				CD5D508B2C3F03C900C1A2B4 /* Release */,
			);
			defaultConfigurationIsVisible = 0;
			defaultConfigurationName = Release;
		};
		CD5D508C2C3F03C900C1A2B4 /* Build configuration list for PBXNativeTarget "bookloveTests" */ = {
			isa = XCConfigurationList;
			buildConfigurations = (
				CD5D508D2C3F03C900C1A2B4 /* Debug */,
				CD5D508E2C3F03C900C1A2B4 /* Release */,
			);
			defaultConfigurationIsVisible = 0;
			defaultConfigurationName = Release;
		};
		CD5D508F2C3F03C900C1A2B4 /* Build configuration list for PBXNativeTarget "bookloveUITests" */ = {
			isa = XCConfigurationList;
			buildConfigurations = (
				CD5D50902C3F03C900C1A2B4 /* Debug */,
				CD5D50912C3F03C900C1A2B4 /* Release */,
			);
			defaultConfigurationIsVisible = 0;
			defaultConfigurationName = Release;
		};
/* End XCConfigurationList section */
	};
	rootObject = CD5D505D2C3F03C400C1A2B4 /* Project object */;
}
